
Microsoft Visual Studio Solution File, Format Version 12.00
# Visual Studio 15
VisualStudioVersion = 15.0.28307.960
MinimumVisualStudioVersion = 10.0.40219.1
Project("{8BC9CEB8-8B4A-11D0-8D11-00A0C91BC942}") = "SDL_hello", "SDL_hello\SDL_hello.vcxproj", "{632B1383-AE00-4B18-9172-012F1DF76BFD}"
EndProject
Global
	GlobalSection(SolutionConfigurationPlatforms) = preSolution
		Debug|x64 = Debug|x64
		Debug|x86 = Debug|x86
		Release|x64 = Release|x64
		Release|x86 = Release|x86
	EndGlobalSection
	GlobalSection(ProjectConfigurationPlatforms) = postSolution
		{632B1383-AE00-4B18-9172-012F1DF76BFD}.Debug|x64.ActiveCfg = Debug|x64
		{632B1383-AE00-4B18-9172-012F1DF76BFD}.Debug|x64.Build.0 = Debug|x64
		{632B1383-AE00-4B18-9172-012F1DF76BFD}.Debug|x86.ActiveCfg = Debug|Win32
		{632B1383-AE00-4B18-9172-012F1DF76BFD}.Debug|x86.Build.0 = Debug|Win32
		{632B1383-AE00-4B18-9172-012F1DF76BFD}.Release|x64.ActiveCfg = Release|x64
		{632B1383-AE00-4B18-9172-012F1DF76BFD}.Release|x64.Build.0 = Release|x64
		{632B1383-AE00-4B18-9172-012F1DF76BFD}.Release|x86.ActiveCfg = Release|Win32
		{632B1383-AE00-4B18-9172-012F1DF76BFD}.Release|x86.Build.0 = Release|Win32
	EndGlobalSection
	GlobalSection(SolutionProperties) = preSolution
		HideSolutionNode = FALSE
	EndGlobalSection
	GlobalSection(ExtensibilityGlobals) = postSolution
		SolutionGuid = {CF8E7AEA-7593-4C69-AA33-A01DC5C59EC2}
	EndGlobalSection
EndGlobal
